
Microsoft Visual Studio Solution File, Format Version 12.00
# Visual Studio Version 16
VisualStudioVersion = 16.0.30406.217
MinimumVisualStudioVersion = 10.0.40219.1
Project("{FAE04EC0-301F-11D3-BF4B-00C04F79EFBC}") = "InsuranceClaimApp", "InsuranceClaimApp\InsuranceClaimApp.csproj", "{670A543B-DBAD-4509-B6EA-E59938BC00D4}"
EndProject
Global
	GlobalSection(SolutionConfigurationPlatforms) = preSolution
		Debug|Any CPU = Debug|Any CPU
		Release|Any CPU = Release|Any CPU
	EndGlobalSection
	GlobalSection(ProjectConfigurationPlatforms) = postSolution
		{670A543B-DBAD-4509-B6EA-E59938BC00D4}.Debug|Any CPU.ActiveCfg = Debug|Any CPU
		{670A543B-DBAD-4509-B6EA-E59938BC00D4}.Debug|Any CPU.Build.0 = Debug|Any CPU
		{670A543B-DBAD-4509-B6EA-E59938BC00D4}.Release|Any CPU.ActiveCfg = Release|Any CPU
		{670A543B-DBAD-4509-B6EA-E59938BC00D4}.Release|Any CPU.Build.0 = Release|Any CPU
	EndGlobalSection
	GlobalSection(SolutionProperties) = preSolution
		HideSolutionNode = FALSE
	EndGlobalSection
	GlobalSection(ExtensibilityGlobals) = postSolution
		SolutionGuid = {2776D15A-8470-4DC5-91A9-488BB352086A}
	EndGlobalSection
EndGlobal
